[[package]]
name = "ansicolors"
version = "1.1.8"
description = "ANSI colors for Python"
category = "main"
optional = false
python-versions = "*"

[[package]]
name = "disp"
version = "0.0.3"
description = "Providing default representations of common objects in Python land"
category = "main"
optional = false
python-versions = "*"

[[package]]
name = "functions"
version = "0.7.0"
description = "Functional programming in Python"
category = "main"
optional = false
python-versions = "*"

[[package]]
name = "pygame"
version = "2.1.2"
description = "Python Game Development"
category = "main"
optional = false
python-versions = ">=3.6"

[metadata]
lock-version = "1.1"
python-versions = ">=3.8.0,<3.9"
content-hash = "e8aaed3bc85fecf63a82f36fcbd5cf443a467cf16ed1fb626918f9ceafbc3abb"

[metadata.files]
ansicolors = [
    {file = "ansicolors-1.1.8-py2.py3-none-any.whl", hash = "sha256:00d2dde5a675579325902536738dd27e4fac1fd68f773fe36c21044eb559e187"},
    {file = "ansicolors-1.1.8.zip", hash = "sha256:99f94f5e3348a0bcd43c82e5fc4414013ccc19d70bd939ad71e0133ce9c372e0"},
]
disp = []
functions = []
pygame = []
